
Microsoft Visual Studio Solution File, Format Version 12.00
# Visual Studio Version 17
VisualStudioVersion = 17.12.35527.113
MinimumVisualStudioVersion = 10.0.40219.1
Project("{FAE04EC0-301F-11D3-BF4B-00C04F79EFBC}") = "InteractiveCurator.WebAPI", "InteractiveCurator.WebAPI\InteractiveCurator.WebAPI.csproj", "{625B1E9C-275F-403B-834B-6148BDD96DA6}"
EndProject
Project("{FAE04EC0-301F-11D3-BF4B-00C04F79EFBC}") = "InteractiveCurator.Tests", "InteractiveCurator.Tests\InteractiveCurator.Tests.csproj", "{0D0A01D0-452C-4561-A0E0-DD781265B78E}"
EndProject
Global
	GlobalSection(SolutionConfigurationPlatforms) = preSolution
		Debug|Any CPU = Debug|Any CPU
		Release|Any CPU = Release|Any CPU
	EndGlobalSection
	GlobalSection(ProjectConfigurationPlatforms) = postSolution
		{625B1E9C-275F-403B-834B-6148BDD96DA6}.Debug|Any CPU.ActiveCfg = Debug|Any CPU
		{625B1E9C-275F-403B-834B-6148BDD96DA6}.Debug|Any CPU.Build.0 = Debug|Any CPU
		{625B1E9C-275F-403B-834B-6148BDD96DA6}.Release|Any CPU.ActiveCfg = Release|Any CPU
		{625B1E9C-275F-403B-834B-6148BDD96DA6}.Release|Any CPU.Build.0 = Release|Any CPU
		{0D0A01D0-452C-4561-A0E0-DD781265B78E}.Debug|Any CPU.ActiveCfg = Debug|Any CPU
		{0D0A01D0-452C-4561-A0E0-DD781265B78E}.Debug|Any CPU.Build.0 = Debug|Any CPU
		{0D0A01D0-452C-4561-A0E0-DD781265B78E}.Release|Any CPU.ActiveCfg = Release|Any CPU
		{0D0A01D0-452C-4561-A0E0-DD781265B78E}.Release|Any CPU.Build.0 = Release|Any CPU
	EndGlobalSection
	GlobalSection(SolutionProperties) = preSolution
		HideSolutionNode = FALSE
	EndGlobalSection
EndGlobal
